
Microsoft Visual Studio Solution File, Format Version 12.00
# Visual Studio Version 17
VisualStudioVersion = 17.9.34607.119
MinimumVisualStudioVersion = 10.0.40219.1
Project("{FAE04EC0-301F-11D3-BF4B-00C04F79EFBC}") = "Mauritius.EInvoicing.Server", "Mauritius.EInvoicing.Server\Mauritius.EInvoicing.Server.csproj", "{F3C37673-0185-49DD-806C-B79F2ECD89B5}"
EndProject
Project("{54A90642-561A-4BB1-A94E-469ADEE60C69}") = "mauritius.einvoicing.client", "mauritius.einvoicing.client\mauritius.einvoicing.client.esproj", "{FC741639-DA5A-4738-B1A4-161C1148EB86}"
EndProject
Global
	GlobalSection(SolutionConfigurationPlatforms) = preSolution
		Debug|Any CPU = Debug|Any CPU
		Release|Any CPU = Release|Any CPU
	EndGlobalSection
	GlobalSection(ProjectConfigurationPlatforms) = postSolution
		{F3C37673-0185-49DD-806C-B79F2ECD89B5}.Debug|Any CPU.ActiveCfg = Debug|Any CPU
		{F3C37673-0185-49DD-806C-B79F2ECD89B5}.Debug|Any CPU.Build.0 = Debug|Any CPU
		{F3C37673-0185-49DD-806C-B79F2ECD89B5}.Release|Any CPU.ActiveCfg = Release|Any CPU
		{F3C37673-0185-49DD-806C-B79F2ECD89B5}.Release|Any CPU.Build.0 = Release|Any CPU
		{FC741639-DA5A-4738-B1A4-161C1148EB86}.Debug|Any CPU.ActiveCfg = Debug|Any CPU
		{FC741639-DA5A-4738-B1A4-161C1148EB86}.Debug|Any CPU.Build.0 = Debug|Any CPU
		{FC741639-DA5A-4738-B1A4-161C1148EB86}.Debug|Any CPU.Deploy.0 = Debug|Any CPU
		{FC741639-DA5A-4738-B1A4-161C1148EB86}.Release|Any CPU.ActiveCfg = Release|Any CPU
		{FC741639-DA5A-4738-B1A4-161C1148EB86}.Release|Any CPU.Build.0 = Release|Any CPU
		{FC741639-DA5A-4738-B1A4-161C1148EB86}.Release|Any CPU.Deploy.0 = Release|Any CPU
	EndGlobalSection
	GlobalSection(SolutionProperties) = preSolution
		HideSolutionNode = FALSE
	EndGlobalSection
	GlobalSection(ExtensibilityGlobals) = postSolution
		SolutionGuid = {2D347159-F3F0-4E06-A501-AA846FC482D2}
	EndGlobalSection
EndGlobal
